
Microsoft Visual Studio Solution File, Format Version 12.00
# Visual Studio Version 16
VisualStudioVersion = 16.0.32929.386
MinimumVisualStudioVersion = 10.0.40219.1
Project("{FAE04EC0-301F-11D3-BF4B-00C04F79EFBC}") = "ScaffoldingExample2", "ScaffoldingExample2\ScaffoldingExample2.csproj", "{EAED9DC9-71F2-48A4-9997-0FE3B73BDDC9}"
EndProject
Global
	GlobalSection(SolutionConfigurationPlatforms) = preSolution
		Debug|Any CPU = Debug|Any CPU
		Release|Any CPU = Release|Any CPU
	EndGlobalSection
	GlobalSection(ProjectConfigurationPlatforms) = postSolution
		{EAED9DC9-71F2-48A4-9997-0FE3B73BDDC9}.Debug|Any CPU.ActiveCfg = Debug|Any CPU
		{EAED9DC9-71F2-48A4-9997-0FE3B73BDDC9}.Debug|Any CPU.Build.0 = Debug|Any CPU
		{EAED9DC9-71F2-48A4-9997-0FE3B73BDDC9}.Release|Any CPU.ActiveCfg = Release|Any CPU
		{EAED9DC9-71F2-48A4-9997-0FE3B73BDDC9}.Release|Any CPU.Build.0 = Release|Any CPU
	EndGlobalSection
	GlobalSection(SolutionProperties) = preSolution
		HideSolutionNode = FALSE
	EndGlobalSection
	GlobalSection(ExtensibilityGlobals) = postSolution
		SolutionGuid = {31646E97-A1D3-4574-A9B2-3D6E15CE23F0}
	EndGlobalSection
EndGlobal
